{
  "name": "@videinfra/static-website-builder-images-plugin",
  "version": "2.0.0",
  "lockfileVersion": 1,
  "requires": true,
  "dependencies": {
    "@squoosh/lib": {
      "version": "0.4.0",
      "resolved": "https://registry.npmjs.org/@squoosh/lib/-/lib-0.4.0.tgz",
      "integrity": "sha512-O1LyugWLZjMI4JZeZMA5vzfhfPjfMZXH5/HmVkRagP8B70wH3uoR7tjxfGNdSavey357MwL8YJDxbGwBBdHp7Q==",
      "requires": {
        "wasm-feature-detect": "^1.2.11",
        "web-streams-polyfill": "^3.0.3"
      }
    },
    "wasm-feature-detect": {
      "version": "1.2.11",
      "resolved": "https://registry.npmjs.org/wasm-feature-detect/-/wasm-feature-detect-1.2.11.tgz",
      "integrity": "sha512-HUqwaodrQGaZgz1lZaNioIkog9tkeEJjrM3eq4aUL04whXOVDRc/o2EGb/8kV0QX411iAYWEqq7fMBmJ6dKS6w=="
    },
    "web-streams-polyfill": {
      "version": "3.2.0",
      "resolved": "https://registry.npmjs.org/web-streams-polyfill/-/web-streams-polyfill-3.2.0.tgz",
      "integrity": "sha512-EqPmREeOzttaLRm5HS7io98goBgZ7IVz79aDvqjD0kYXLtFZTc0T/U6wHTPKyIjb+MdN7DFIIX6hgdBEpWmfPA=="
    }
  }
}
